
Microsoft Visual Studio Solution File, Format Version 12.00
# Visual Studio Version 17
VisualStudioVersion = 17.14.36212.18 d17.14
MinimumVisualStudioVersion = 10.0.40219.1
Project("{FAE04EC0-301F-11D3-BF4B-00C04F79EFBC}") = "MedicalBotPrescMedication", "MedicalBotPrescMedication\MedicalBotPrescMedication.csproj", "{BC41C995-1E5A-4041-8D5F-CA6C128D6BCE}"
EndProject
Project("{FAE04EC0-301F-11D3-BF4B-00C04F79EFBC}") = "ClassLibrary1", "ClassLibrary1\ClassLibrary1.csproj", "{9F78EFBC-415C-4888-83C2-5CF077016A84}"
EndProject
Global
	GlobalSection(SolutionConfigurationPlatforms) = preSolution
		Debug|Any CPU = Debug|Any CPU
		Release|Any CPU = Release|Any CPU
	EndGlobalSection
	GlobalSection(ProjectConfigurationPlatforms) = postSolution
		{BC41C995-1E5A-4041-8D5F-CA6C128D6BCE}.Debug|Any CPU.ActiveCfg = Debug|Any CPU
		{BC41C995-1E5A-4041-8D5F-CA6C128D6BCE}.Debug|Any CPU.Build.0 = Debug|Any CPU
		{BC41C995-1E5A-4041-8D5F-CA6C128D6BCE}.Release|Any CPU.ActiveCfg = Release|Any CPU
		{BC41C995-1E5A-4041-8D5F-CA6C128D6BCE}.Release|Any CPU.Build.0 = Release|Any CPU
		{9F78EFBC-415C-4888-83C2-5CF077016A84}.Debug|Any CPU.ActiveCfg = Debug|Any CPU
		{9F78EFBC-415C-4888-83C2-5CF077016A84}.Debug|Any CPU.Build.0 = Debug|Any CPU
		{9F78EFBC-415C-4888-83C2-5CF077016A84}.Release|Any CPU.ActiveCfg = Release|Any CPU
		{9F78EFBC-415C-4888-83C2-5CF077016A84}.Release|Any CPU.Build.0 = Release|Any CPU
	EndGlobalSection
	GlobalSection(SolutionProperties) = preSolution
		HideSolutionNode = FALSE
	EndGlobalSection
	GlobalSection(ExtensibilityGlobals) = postSolution
		SolutionGuid = {27A29679-39EF-4663-A633-58ABF060EA9E}
	EndGlobalSection
EndGlobal
