
Microsoft Visual Studio Solution File, Format Version 12.00
# Visual Studio Version 17
VisualStudioVersion = 17.14.36212.18 d17.14
MinimumVisualStudioVersion = 10.0.40219.1
Project("{FAE04EC0-301F-11D3-BF4B-00C04F79EFBC}") = "LargestOfThreeNumbers.NETFr", "LargestOfThreeNumbers.NETFr\LargestOfThreeNumbers.NETFr.csproj", "{7EC2BCD2-F165-4B5F-9C66-C0C4271E9A2B}"
EndProject
Global
	GlobalSection(SolutionConfigurationPlatforms) = preSolution
		Debug|Any CPU = Debug|Any CPU
		Release|Any CPU = Release|Any CPU
	EndGlobalSection
	GlobalSection(ProjectConfigurationPlatforms) = postSolution
		{7EC2BCD2-F165-4B5F-9C66-C0C4271E9A2B}.Debug|Any CPU.ActiveCfg = Debug|Any CPU
		{7EC2BCD2-F165-4B5F-9C66-C0C4271E9A2B}.Debug|Any CPU.Build.0 = Debug|Any CPU
		{7EC2BCD2-F165-4B5F-9C66-C0C4271E9A2B}.Release|Any CPU.ActiveCfg = Release|Any CPU
		{7EC2BCD2-F165-4B5F-9C66-C0C4271E9A2B}.Release|Any CPU.Build.0 = Release|Any CPU
	EndGlobalSection
	GlobalSection(SolutionProperties) = preSolution
		HideSolutionNode = FALSE
	EndGlobalSection
	GlobalSection(ExtensibilityGlobals) = postSolution
		SolutionGuid = {D14A736B-D2D6-43F2-8510-1BCEC35D4302}
	EndGlobalSection
EndGlobal
